
Microsoft Visual Studio Solution File, Format Version 12.00
# Visual Studio Version 16
VisualStudioVersion = 25.0.1706.8
MinimumVisualStudioVersion = 10.0.40219.1
Project("{FAE04EC0-301F-11D3-BF4B-00C04F79EFBC}") = "Book", "Book\Book.csproj", "{AA268D57-59C9-46F2-B780-EC195540334D}"
EndProject
Global
	GlobalSection(SolutionConfigurationPlatforms) = preSolution
		Debug|Any CPU = Debug|Any CPU
		Release|Any CPU = Release|Any CPU
	EndGlobalSection
	GlobalSection(ProjectConfigurationPlatforms) = postSolution
		{AA268D57-59C9-46F2-B780-EC195540334D}.Debug|Any CPU.ActiveCfg = Debug|Any CPU
		{AA268D57-59C9-46F2-B780-EC195540334D}.Debug|Any CPU.Build.0 = Debug|Any CPU
		{AA268D57-59C9-46F2-B780-EC195540334D}.Release|Any CPU.ActiveCfg = Release|Any CPU
		{AA268D57-59C9-46F2-B780-EC195540334D}.Release|Any CPU.Build.0 = Release|Any CPU
	EndGlobalSection
	GlobalSection(SolutionProperties) = preSolution
		HideSolutionNode = FALSE
	EndGlobalSection
	GlobalSection(ExtensibilityGlobals) = postSolution
		SolutionGuid = {7429CAE4-47A6-45D5-81B7-C438F50A1A14}
	EndGlobalSection
EndGlobal
